<?xml version="1.0" encoding="utf-8"?>
<Project ToolsVersion="4.0" xmlns="http://schemas.microsoft.com/developer/msbuild/2003">
  <ItemGroup>
    <Filter Include="Contents">
      <UniqueIdentifier>{eee3c248-3814-48af-b1f4-f221fa7a0ee6}</UniqueIdentifier>
    </Filter>
    <Filter Include="Level">
      <UniqueIdentifier>{5df23444-ca8f-40f8-8c39-0d7d75f58b7d}</UniqueIdentifier>
    </Filter>
    <Filter Include="Actor">
      <UniqueIdentifier>{1c74ed1c-9761-412c-93d3-abef363512d1}</UniqueIdentifier>
    </Filter>
    <Filter Include="Actor\Play">
      <UniqueIdentifier>{f046c344-41c5-461f-9a13-3bf9f04d9882}</UniqueIdentifier>
    </Filter>
    <Filter Include="Actor\Title">
      <UniqueIdentifier>{804cf31e-d3ed-4dc6-9803-e76637ce47a4}</UniqueIdentifier>
    </Filter>
    <Filter Include="Global">
      <UniqueIdentifier>{5c0d327c-f680-4cd4-a5c1-9a7caec22b46}</UniqueIdentifier>
    </Filter>
    <Filter Include="PreCompile">
      <UniqueIdentifier>{439c0504-814e-4f90-8507-3f4dacd0226c}</UniqueIdentifier>
    </Filter>
    <Filter Include="Level\Title">
      <UniqueIdentifier>{f61f50c3-27b3-47b5-ac84-8c5854cfa3e7}</UniqueIdentifier>
    </Filter>
    <Filter Include="Level\Play">
      <UniqueIdentifier>{e2a73822-3a6e-4199-9294-e2096fc9417f}</UniqueIdentifier>
    </Filter>
    <Filter Include="Actor\Play\WorldMap">
      <UniqueIdentifier>{d78df34a-eff3-49ab-afe2-4970c759bb9c}</UniqueIdentifier>
    </Filter>
    <Filter Include="Actor\Interface">
      <UniqueIdentifier>{296d9911-0422-4af8-93cf-71970832f740}</UniqueIdentifier>
    </Filter>
    <Filter Include="Actor\Base">
      <UniqueIdentifier>{cef3b890-fc1f-4cc3-999c-f2ee3bc1998f}</UniqueIdentifier>
    </Filter>
  </ItemGroup>
  <ItemGroup>
    <ClInclude Include="ContentsCore.h">
      <Filter>Contents</Filter>
    </ClInclude>
    <ClInclude Include="Enums.h">
      <Filter>Global</Filter>
    </ClInclude>
    <ClInclude Include="PreCompile.h">
      <Filter>PreCompile</Filter>
    </ClInclude>
    <ClInclude Include="Background.h">
      <Filter>Actor</Filter>
    </ClInclude>
    <ClInclude Include="BeforeTitleLevel.h">
      <Filter>Level\Title</Filter>
    </ClInclude>
    <ClInclude Include="TitleLevel.h">
      <Filter>Level\Title</Filter>
    </ClInclude>
    <ClInclude Include="SelectLevel.h">
      <Filter>Level\Title</Filter>
    </ClInclude>
    <ClInclude Include="WorldMapLevel.h">
      <Filter>Level\Play</Filter>
    </ClInclude>
    <ClInclude Include="PlayLevel.h">
      <Filter>Level\Play</Filter>
    </ClInclude>
    <ClInclude Include="WorldMapCuphead.h">
      <Filter>Actor\Play\WorldMap</Filter>
    </ClInclude>
    <ClInclude Include="IWalkable.h">
      <Filter>Actor\Interface</Filter>
    </ClInclude>
    <ClInclude Include="IDashable.h">
      <Filter>Actor\Interface</Filter>
    </ClInclude>
    <ClInclude Include="IJumpable.h">
      <Filter>Actor\Interface</Filter>
    </ClInclude>
    <ClInclude Include="IDoubleJumpable.h">
      <Filter>Actor\Interface</Filter>
    </ClInclude>
    <ClInclude Include="IShootable.h">
      <Filter>Actor\Interface</Filter>
    </ClInclude>
    <ClInclude Include="IRunable.h">
      <Filter>Actor\Interface</Filter>
    </ClInclude>
    <ClInclude Include="IParriable.h">
      <Filter>Actor\Interface</Filter>
    </ClInclude>
    <ClInclude Include="IPreparable.h">
      <Filter>Actor\Interface</Filter>
    </ClInclude>
    <ClInclude Include="IIdleable.h">
      <Filter>Actor\Interface</Filter>
    </ClInclude>
    <ClInclude Include="IAimable.h">
      <Filter>Actor\Interface</Filter>
    </ClInclude>
    <ClInclude Include="IDuckable.h">
      <Filter>Actor\Interface</Filter>
    </ClInclude>
    <ClInclude Include="IDieable.h">
      <Filter>Actor\Interface</Filter>
    </ClInclude>
    <ClInclude Include="ISpecialAttackable.h">
      <Filter>Actor\Interface</Filter>
    </ClInclude>
    <ClInclude Include="ISuperIIIAttackable.h">
      <Filter>Actor\Interface</Filter>
    </ClInclude>
    <ClInclude Include="ISuperIAttackable.h">
      <Filter>Actor\Interface</Filter>
    </ClInclude>
    <ClInclude Include="ISuperIIAttackable.h">
      <Filter>Actor\Interface</Filter>
    </ClInclude>
    <ClInclude Include="IDamageable.h">
      <Filter>Actor\Interface</Filter>
    </ClInclude>
    <ClInclude Include="IWorldMapCharacterBase.h">
      <Filter>Actor\Base</Filter>
    </ClInclude>
    <ClInclude Include="IEvatiable.h">
      <Filter>Actor\Interface</Filter>
    </ClInclude>
    <ClInclude Include="HourglassLevel.h">
      <Filter>Level</Filter>
    </ClInclude>
    <ClInclude Include="ITalkable.h">
      <Filter>Actor\Interface</Filter>
    </ClInclude>
    <ClInclude Include="INonPlayerCharacterBase.h">
      <Filter>Actor\Base</Filter>
    </ClInclude>
    <ClInclude Include="Boatman.h">
      <Filter>Actor\Play\WorldMap</Filter>
    </ClInclude>
    <ClInclude Include="Bakery.h">
      <Filter>Actor\Play\WorldMap</Filter>
    </ClInclude>
    <ClInclude Include="NewsCat.h">
      <Filter>Actor\Play\WorldMap</Filter>
    </ClInclude>
    <ClInclude Include="Shop.h">
      <Filter>Actor\Play\WorldMap</Filter>
    </ClInclude>
    <ClInclude Include="Lantern.h">
      <Filter>Actor\Play\WorldMap</Filter>
    </ClInclude>
    <ClInclude Include="Pickaxe.h">
      <Filter>Actor\Play\WorldMap</Filter>
    </ClInclude>
    <ClInclude Include="Shovel.h">
      <Filter>Actor\Play\WorldMap</Filter>
    </ClInclude>
    <ClInclude Include="Catus.h">
      <Filter>Actor\Play\WorldMap</Filter>
    </ClInclude>
    <ClInclude Include="Ladder.h">
      <Filter>Actor\Play\WorldMap</Filter>
    </ClInclude>
    <ClInclude Include="Dogfight.h">
      <Filter>Actor\Play\WorldMap</Filter>
    </ClInclude>
    <ClInclude Include="Ghost.h">
      <Filter>Actor\Play\WorldMap</Filter>
    </ClInclude>
  </ItemGroup>
  <ItemGroup>
    <ClCompile Include="ContentsCore.cpp">
      <Filter>Contents</Filter>
    </ClCompile>
    <ClCompile Include="PreCompile.cpp">
      <Filter>PreCompile</Filter>
    </ClCompile>
    <ClCompile Include="Background.cpp">
      <Filter>Actor</Filter>
    </ClCompile>
    <ClCompile Include="BeforeTitleLevel.cpp">
      <Filter>Level\Title</Filter>
    </ClCompile>
    <ClCompile Include="TitleLevel.cpp">
      <Filter>Level\Title</Filter>
    </ClCompile>
    <ClCompile Include="SelectLevel.cpp">
      <Filter>Level\Title</Filter>
    </ClCompile>
    <ClCompile Include="PlayLevel.cpp">
      <Filter>Level\Play</Filter>
    </ClCompile>
    <ClCompile Include="WorldMapLevel.cpp">
      <Filter>Level\Play</Filter>
    </ClCompile>
    <ClCompile Include="WorldMapCuphead.cpp">
      <Filter>Actor\Play\WorldMap</Filter>
    </ClCompile>
    <ClCompile Include="IWalkable.cpp">
      <Filter>Actor\Interface</Filter>
    </ClCompile>
    <ClCompile Include="IDashable.cpp">
      <Filter>Actor\Interface</Filter>
    </ClCompile>
    <ClCompile Include="IJumpable.cpp">
      <Filter>Actor\Interface</Filter>
    </ClCompile>
    <ClCompile Include="IDoubleJumpable.cpp">
      <Filter>Actor\Interface</Filter>
    </ClCompile>
    <ClCompile Include="IShootable.cpp">
      <Filter>Actor\Interface</Filter>
    </ClCompile>
    <ClCompile Include="IRunable.cpp">
      <Filter>Actor\Interface</Filter>
    </ClCompile>
    <ClCompile Include="IParriable.cpp">
      <Filter>Actor\Interface</Filter>
    </ClCompile>
    <ClCompile Include="IPreparable.cpp">
      <Filter>Actor\Interface</Filter>
    </ClCompile>
    <ClCompile Include="IIdleable.cpp">
      <Filter>Actor\Interface</Filter>
    </ClCompile>
    <ClCompile Include="IAimable.cpp">
      <Filter>Actor\Interface</Filter>
    </ClCompile>
    <ClCompile Include="IDuckable.cpp">
      <Filter>Actor\Interface</Filter>
    </ClCompile>
    <ClCompile Include="IDieable.cpp">
      <Filter>Actor\Interface</Filter>
    </ClCompile>
    <ClCompile Include="ISpecialAttackable.cpp">
      <Filter>Actor\Interface</Filter>
    </ClCompile>
    <ClCompile Include="ISuperIAttackable.cpp">
      <Filter>Actor\Interface</Filter>
    </ClCompile>
    <ClCompile Include="ISuperIIAttackable.cpp">
      <Filter>Actor\Interface</Filter>
    </ClCompile>
    <ClCompile Include="ISuperIIIAttackable.cpp">
      <Filter>Actor\Interface</Filter>
    </ClCompile>
    <ClCompile Include="IDamageable.cpp">
      <Filter>Actor\Interface</Filter>
    </ClCompile>
    <ClCompile Include="IWorldMapCharacterBase.cpp">
      <Filter>Actor\Base</Filter>
    </ClCompile>
    <ClCompile Include="IEvatiable.cpp">
      <Filter>Actor\Interface</Filter>
    </ClCompile>
    <ClCompile Include="HourglassLevel.cpp">
      <Filter>Level</Filter>
    </ClCompile>
    <ClCompile Include="ITalkable.cpp">
      <Filter>Actor\Interface</Filter>
    </ClCompile>
    <ClCompile Include="INonPlayerCharacterBase.cpp">
      <Filter>Actor\Base</Filter>
    </ClCompile>
    <ClCompile Include="Boatman.cpp">
      <Filter>Actor\Play\WorldMap</Filter>
    </ClCompile>
    <ClCompile Include="Bakery.cpp">
      <Filter>Actor\Play\WorldMap</Filter>
    </ClCompile>
    <ClCompile Include="NewsCat.cpp">
      <Filter>Actor\Play\WorldMap</Filter>
    </ClCompile>
    <ClCompile Include="Shop.cpp">
      <Filter>Actor\Play\WorldMap</Filter>
    </ClCompile>
    <ClCompile Include="Lantern.cpp">
      <Filter>Actor\Play\WorldMap</Filter>
    </ClCompile>
    <ClCompile Include="Pickaxe.cpp">
      <Filter>Actor\Play\WorldMap</Filter>
    </ClCompile>
    <ClCompile Include="Shovel.cpp">
      <Filter>Actor\Play\WorldMap</Filter>
    </ClCompile>
    <ClCompile Include="Catus.cpp">
      <Filter>Actor\Play\WorldMap</Filter>
    </ClCompile>
    <ClCompile Include="Ladder.cpp">
      <Filter>Actor\Play\WorldMap</Filter>
    </ClCompile>
    <ClCompile Include="Dogfight.cpp">
      <Filter>Actor\Play\WorldMap</Filter>
    </ClCompile>
    <ClCompile Include="Ghost.cpp">
      <Filter>Actor\Play\WorldMap</Filter>
    </ClCompile>
  </ItemGroup>
</Project>