<?xml version="1.0" encoding="utf-8"?>
<Project ToolsVersion="4.0" xmlns="http://schemas.microsoft.com/developer/msbuild/2003">
  <ItemGroup>
    <Filter Include="Contents">
      <UniqueIdentifier>{eee3c248-3814-48af-b1f4-f221fa7a0ee6}</UniqueIdentifier>
    </Filter>
    <Filter Include="Level">
      <UniqueIdentifier>{5df23444-ca8f-40f8-8c39-0d7d75f58b7d}</UniqueIdentifier>
    </Filter>
    <Filter Include="Actor">
      <UniqueIdentifier>{1c74ed1c-9761-412c-93d3-abef363512d1}</UniqueIdentifier>
    </Filter>
    <Filter Include="Actor\Play">
      <UniqueIdentifier>{f046c344-41c5-461f-9a13-3bf9f04d9882}</UniqueIdentifier>
    </Filter>
    <Filter Include="Global">
      <UniqueIdentifier>{5c0d327c-f680-4cd4-a5c1-9a7caec22b46}</UniqueIdentifier>
    </Filter>
    <Filter Include="Actor\Play\WorldMap">
      <UniqueIdentifier>{d78df34a-eff3-49ab-afe2-4970c759bb9c}</UniqueIdentifier>
    </Filter>
    <Filter Include="Actor\Interface">
      <UniqueIdentifier>{296d9911-0422-4af8-93cf-71970832f740}</UniqueIdentifier>
    </Filter>
    <Filter Include="Actor\Base">
      <UniqueIdentifier>{cef3b890-fc1f-4cc3-999c-f2ee3bc1998f}</UniqueIdentifier>
    </Filter>
    <Filter Include="Actor\Play\WorldMap\NPC">
      <UniqueIdentifier>{8373be1b-d54a-47f7-8ba4-0c62c22a703c}</UniqueIdentifier>
    </Filter>
    <Filter Include="Components">
      <UniqueIdentifier>{410e80f7-6d6c-439d-ad7d-64d824d7112e}</UniqueIdentifier>
    </Filter>
    <Filter Include="Actor\Play\WorldMap\PC">
      <UniqueIdentifier>{59147346-30ff-4d5d-8db4-dd5c7c0d97d0}</UniqueIdentifier>
    </Filter>
    <Filter Include="Actor\Play\WorldMap\Object">
      <UniqueIdentifier>{a62afb56-00ff-4b4d-9e56-256100099870}</UniqueIdentifier>
    </Filter>
    <Filter Include="Actor\Weapon">
      <UniqueIdentifier>{e279934f-38e9-487b-b5ec-2367cc843109}</UniqueIdentifier>
    </Filter>
    <Filter Include="Actor\Weapon\Shooter">
      <UniqueIdentifier>{2d173cf4-8dcf-4cbb-ba39-ba7fb944c720}</UniqueIdentifier>
    </Filter>
    <Filter Include="Actor\Weapon\Bullet">
      <UniqueIdentifier>{c0d225ea-7e0d-41b0-99fe-bf099155c31b}</UniqueIdentifier>
    </Filter>
    <Filter Include="Actor\Weapon\Base">
      <UniqueIdentifier>{f8a9d82a-48ef-4e85-87eb-332a82778d91}</UniqueIdentifier>
    </Filter>
    <Filter Include="Actor\Play\InGame">
      <UniqueIdentifier>{71886622-044a-412c-a4e8-b209a119ef55}</UniqueIdentifier>
    </Filter>
    <Filter Include="Actor\Play\InGame\PC">
      <UniqueIdentifier>{f84aea89-2b05-4d4e-ae14-7a0cf4eaeedb}</UniqueIdentifier>
    </Filter>
    <Filter Include="Actor\Play\WorldMap\Object\Portal">
      <UniqueIdentifier>{18255c14-63a1-4ca8-bf08-f1cfc8733fac}</UniqueIdentifier>
    </Filter>
    <Filter Include="Actor\Play\WorldMap\Object\Portal\Base">
      <UniqueIdentifier>{7e497bdf-c814-49f2-a7cc-f33363d646c4}</UniqueIdentifier>
    </Filter>
    <Filter Include="Components\Character">
      <UniqueIdentifier>{6fb8d6af-957a-4430-9e6f-0905073c2f88}</UniqueIdentifier>
    </Filter>
    <Filter Include="Components\Character\InGame">
      <UniqueIdentifier>{3235f3fa-546e-4bbb-82a0-41001af88b10}</UniqueIdentifier>
    </Filter>
    <Filter Include="Actor\Play\InGame\Object">
      <UniqueIdentifier>{3eb5b2c7-75d8-450a-92e6-07ddb92d508e}</UniqueIdentifier>
    </Filter>
    <Filter Include="Level\00 Title">
      <UniqueIdentifier>{f61f50c3-27b3-47b5-ac84-8c5854cfa3e7}</UniqueIdentifier>
    </Filter>
    <Filter Include="Level\01 Play">
      <UniqueIdentifier>{e2a73822-3a6e-4199-9294-e2096fc9417f}</UniqueIdentifier>
    </Filter>
    <Filter Include="Actor\Play\InGame\NPC">
      <UniqueIdentifier>{ba948490-ad7a-49dd-8c60-c813e2565b4b}</UniqueIdentifier>
    </Filter>
    <Filter Include="Components\Monster">
      <UniqueIdentifier>{8d25c102-e447-435b-a6da-566bb735d797}</UniqueIdentifier>
    </Filter>
    <Filter Include="Actor\Play\InGame\Object\Tutorial">
      <UniqueIdentifier>{f7603430-46f6-4671-bd55-e20bc81764ef}</UniqueIdentifier>
    </Filter>
    <Filter Include="Actor\Play\InGame\Object\DogFight">
      <UniqueIdentifier>{43eb2f33-75e0-451e-9445-f69de1a8b8b5}</UniqueIdentifier>
    </Filter>
    <Filter Include="Actor\PreCompile">
      <UniqueIdentifier>{439c0504-814e-4f90-8507-3f4dacd0226c}</UniqueIdentifier>
    </Filter>
    <Filter Include="Components\Character\InGame\Bullet">
      <UniqueIdentifier>{3adf8f45-ee90-4a17-9d4c-afabdc278c2f}</UniqueIdentifier>
    </Filter>
    <Filter Include="Components\Character\InGame\Animation">
      <UniqueIdentifier>{695ba7d9-657d-452f-ac38-f847b1b35e65}</UniqueIdentifier>
    </Filter>
    <Filter Include="Components\Character\InGame\Movement">
      <UniqueIdentifier>{77af3fc0-f70f-4d76-a9b8-33f5a0ced851}</UniqueIdentifier>
    </Filter>
    <Filter Include="Components\Character\WorldMap">
      <UniqueIdentifier>{62b914ad-843b-440d-b661-f63fe5110ca5}</UniqueIdentifier>
    </Filter>
    <Filter Include="Actor\Weapon\Shooter\Player">
      <UniqueIdentifier>{b24500db-8592-4188-9933-c869a2148ae6}</UniqueIdentifier>
    </Filter>
    <Filter Include="Actor\Weapon\Shooter\Monster">
      <UniqueIdentifier>{f933d8d7-887b-468b-b05c-5c39b238320b}</UniqueIdentifier>
    </Filter>
    <Filter Include="Actor\Weapon\Bullet\Player">
      <UniqueIdentifier>{70d8b6c3-590b-4ffc-b88a-471120a5f2f5}</UniqueIdentifier>
    </Filter>
    <Filter Include="Actor\Weapon\Bullet\Monster">
      <UniqueIdentifier>{af2f4a4e-1e18-4644-ae9e-0e2dc419e9d7}</UniqueIdentifier>
    </Filter>
    <Filter Include="Actor\Play\InGame\UI">
      <UniqueIdentifier>{5e5a1577-c318-45c0-96a1-141e40ab6859}</UniqueIdentifier>
    </Filter>
    <Filter Include="Actor\Weapon\Base\Player">
      <UniqueIdentifier>{f52b0319-fbc6-49b7-a917-3d708f88d112}</UniqueIdentifier>
    </Filter>
    <Filter Include="Actor\Weapon\Base\Monster">
      <UniqueIdentifier>{abe89387-e015-48e0-afd2-29f4757d8925}</UniqueIdentifier>
    </Filter>
    <Filter Include="Actor\State">
      <UniqueIdentifier>{3add17ca-0b59-41c7-85ca-1d57bea560da}</UniqueIdentifier>
    </Filter>
  </ItemGroup>
  <ItemGroup>
    <ClInclude Include="ContentsCore.h">
      <Filter>Contents</Filter>
    </ClInclude>
    <ClInclude Include="Enums.h">
      <Filter>Global</Filter>
    </ClInclude>
    <ClInclude Include="PreCompile.h">
      <Filter>Actor\PreCompile</Filter>
    </ClInclude>
    <ClInclude Include="Background.h">
      <Filter>Actor</Filter>
    </ClInclude>
    <ClInclude Include="BeforeTitleLevel.h">
      <Filter>Level\00 Title</Filter>
    </ClInclude>
    <ClInclude Include="TitleLevel.h">
      <Filter>Level\00 Title</Filter>
    </ClInclude>
    <ClInclude Include="SelectLevel.h">
      <Filter>Level\00 Title</Filter>
    </ClInclude>
    <ClInclude Include="WorldMapLevel.h">
      <Filter>Level\01 Play</Filter>
    </ClInclude>
    <ClInclude Include="PlayLevel.h">
      <Filter>Level\01 Play</Filter>
    </ClInclude>
    <ClInclude Include="IWalkable.h">
      <Filter>Actor\Interface</Filter>
    </ClInclude>
    <ClInclude Include="IDashable.h">
      <Filter>Actor\Interface</Filter>
    </ClInclude>
    <ClInclude Include="IJumpable.h">
      <Filter>Actor\Interface</Filter>
    </ClInclude>
    <ClInclude Include="IDoubleJumpable.h">
      <Filter>Actor\Interface</Filter>
    </ClInclude>
    <ClInclude Include="IShootable.h">
      <Filter>Actor\Interface</Filter>
    </ClInclude>
    <ClInclude Include="IRunable.h">
      <Filter>Actor\Interface</Filter>
    </ClInclude>
    <ClInclude Include="IParriable.h">
      <Filter>Actor\Interface</Filter>
    </ClInclude>
    <ClInclude Include="IPreparable.h">
      <Filter>Actor\Interface</Filter>
    </ClInclude>
    <ClInclude Include="IIdleable.h">
      <Filter>Actor\Interface</Filter>
    </ClInclude>
    <ClInclude Include="IAimable.h">
      <Filter>Actor\Interface</Filter>
    </ClInclude>
    <ClInclude Include="IDuckable.h">
      <Filter>Actor\Interface</Filter>
    </ClInclude>
    <ClInclude Include="IDieable.h">
      <Filter>Actor\Interface</Filter>
    </ClInclude>
    <ClInclude Include="ISpecialAttackable.h">
      <Filter>Actor\Interface</Filter>
    </ClInclude>
    <ClInclude Include="ISuperAttackable.h">
      <Filter>Actor\Interface</Filter>
    </ClInclude>
    <ClInclude Include="IDamageable.h">
      <Filter>Actor\Interface</Filter>
    </ClInclude>
    <ClInclude Include="IWorldMapCharacterBase.h">
      <Filter>Actor\Base</Filter>
    </ClInclude>
    <ClInclude Include="HourglassLevel.h">
      <Filter>Level</Filter>
    </ClInclude>
    <ClInclude Include="ITalkable.h">
      <Filter>Actor\Interface</Filter>
    </ClInclude>
    <ClInclude Include="INonPlayerCharacterBase.h">
      <Filter>Actor\Base</Filter>
    </ClInclude>
    <ClInclude Include="ShopLevel.h">
      <Filter>Level\01 Play</Filter>
    </ClInclude>
    <ClInclude Include="Boatman.h">
      <Filter>Actor\Play\WorldMap\NPC</Filter>
    </ClInclude>
    <ClInclude Include="Ghost.h">
      <Filter>Actor\Play\WorldMap\NPC</Filter>
    </ClInclude>
    <ClInclude Include="Lantern.h">
      <Filter>Actor\Play\WorldMap\NPC</Filter>
    </ClInclude>
    <ClInclude Include="NewsCat.h">
      <Filter>Actor\Play\WorldMap\NPC</Filter>
    </ClInclude>
    <ClInclude Include="Pickaxe.h">
      <Filter>Actor\Play\WorldMap\NPC</Filter>
    </ClInclude>
    <ClInclude Include="Pig.h">
      <Filter>Actor\Play\WorldMap\NPC</Filter>
    </ClInclude>
    <ClInclude Include="Shovel.h">
      <Filter>Actor\Play\WorldMap\NPC</Filter>
    </ClInclude>
    <ClInclude Include="DogFightLevel.h">
      <Filter>Level\01 Play</Filter>
    </ClInclude>
    <ClInclude Include="WorldMapCuphead.h">
      <Filter>Actor\Play\WorldMap\PC</Filter>
    </ClInclude>
    <ClInclude Include="WorldMapMugman.h">
      <Filter>Actor\Play\WorldMap\PC</Filter>
    </ClInclude>
    <ClInclude Include="Boat.h">
      <Filter>Actor\Play\WorldMap\Object</Filter>
    </ClInclude>
    <ClInclude Include="BoatRipples.h">
      <Filter>Actor\Play\WorldMap\Object</Filter>
    </ClInclude>
    <ClInclude Include="Catus.h">
      <Filter>Actor\Play\WorldMap\Object</Filter>
    </ClInclude>
    <ClInclude Include="WaterLine.h">
      <Filter>Actor\Play\WorldMap\Object</Filter>
    </ClInclude>
    <ClInclude Include="Bakery.h">
      <Filter>Actor\Play\WorldMap\Object\Portal</Filter>
    </ClInclude>
    <ClInclude Include="Cart.h">
      <Filter>Actor\Play\WorldMap\Object\Portal</Filter>
    </ClInclude>
    <ClInclude Include="Dogfight.h">
      <Filter>Actor\Play\WorldMap\Object\Portal</Filter>
    </ClInclude>
    <ClInclude Include="Omm.h">
      <Filter>Actor\Play\WorldMap\Object\Portal</Filter>
    </ClInclude>
    <ClInclude Include="Ladder.h">
      <Filter>Actor\Play\WorldMap\Object\Portal</Filter>
    </ClInclude>
    <ClInclude Include="Shop.h">
      <Filter>Actor\Play\WorldMap\Object\Portal</Filter>
    </ClInclude>
    <ClInclude Include="Waterfall.h">
      <Filter>Actor\Play\WorldMap\Object</Filter>
    </ClInclude>
    <ClInclude Include="WaterfallBase.h">
      <Filter>Actor\Play\WorldMap\Object</Filter>
    </ClInclude>
    <ClInclude Include="Rumrunners.h">
      <Filter>Actor\Play\WorldMap\Object\Portal</Filter>
    </ClInclude>
    <ClInclude Include="Cowgirl.h">
      <Filter>Actor\Play\WorldMap\Object\Portal</Filter>
    </ClInclude>
    <ClInclude Include="Snow.h">
      <Filter>Actor\Play\WorldMap\Object\Portal</Filter>
    </ClInclude>
    <ClInclude Include="IInGameCharacterBase.h">
      <Filter>Actor\Base</Filter>
    </ClInclude>
    <ClInclude Include="IEvadable.h">
      <Filter>Actor\Interface</Filter>
    </ClInclude>
    <ClInclude Include="TutorialLevel.h">
      <Filter>Level\01 Play</Filter>
    </ClInclude>
    <ClInclude Include="Delegates.h">
      <Filter>Contents</Filter>
    </ClInclude>
    <ClInclude Include="InGameChalice.h">
      <Filter>Actor\Play\InGame\PC</Filter>
    </ClInclude>
    <ClInclude Include="InGameCuphead.h">
      <Filter>Actor\Play\InGame\PC</Filter>
    </ClInclude>
    <ClInclude Include="InGameMugman.h">
      <Filter>Actor\Play\InGame\PC</Filter>
    </ClInclude>
    <ClInclude Include="PortalBase.h">
      <Filter>Actor\Play\WorldMap\Object\Portal\Base</Filter>
    </ClInclude>
    <ClInclude Include="BulletMovementComponent.h">
      <Filter>Components\Character\InGame\Bullet</Filter>
    </ClInclude>
    <ClInclude Include="MovementComponent.h">
      <Filter>Components\Character\WorldMap</Filter>
    </ClInclude>
    <ClInclude Include="WorldMapCharacterAnimationControllerComponent.h">
      <Filter>Components\Character\WorldMap</Filter>
    </ClInclude>
    <ClInclude Include="BoomerangBulletMovementComponent.h">
      <Filter>Components\Character\InGame\Bullet</Filter>
    </ClInclude>
    <ClInclude Include="Bulldog.h">
      <Filter>Actor\Play\InGame\NPC</Filter>
    </ClInclude>
    <ClInclude Include="IInGameMonsterBase.h">
      <Filter>Actor\Base</Filter>
    </ClInclude>
    <ClInclude Include="InGameMonsterAnimationControllerComponent.h">
      <Filter>Components\Monster</Filter>
    </ClInclude>
    <ClInclude Include="TutorialBackground.h">
      <Filter>Actor\Play\InGame\Object\Tutorial</Filter>
    </ClInclude>
    <ClInclude Include="BackgroundHills.h">
      <Filter>Actor\Play\InGame\Object\DogFight</Filter>
    </ClInclude>
    <ClInclude Include="BackgroundObject.h">
      <Filter>Actor\Play\InGame\Object\DogFight</Filter>
    </ClInclude>
    <ClInclude Include="BulldogPlane.h">
      <Filter>Actor\Play\InGame\Object\DogFight</Filter>
    </ClInclude>
    <ClInclude Include="InGameMovementComponent.h">
      <Filter>Components\Monster</Filter>
    </ClInclude>
    <ClInclude Include="InGameCharacterAnimationControllerComponent.h">
      <Filter>Components\Character\InGame\Animation</Filter>
    </ClInclude>
    <ClInclude Include="PhysicsComponent.h">
      <Filter>Components\Character\InGame\Movement</Filter>
    </ClInclude>
    <ClInclude Include="InGameCharacterMovementCompmonent.h">
      <Filter>Components\Character\InGame\Movement</Filter>
    </ClInclude>
    <ClInclude Include="BoomerangShooter.h">
      <Filter>Actor\Weapon\Shooter\Player</Filter>
    </ClInclude>
    <ClInclude Include="ChargerShooter.h">
      <Filter>Actor\Weapon\Shooter\Player</Filter>
    </ClInclude>
    <ClInclude Include="ConvergeShooter.h">
      <Filter>Actor\Weapon\Shooter\Player</Filter>
    </ClInclude>
    <ClInclude Include="PeaShooter.h">
      <Filter>Actor\Weapon\Shooter\Player</Filter>
    </ClInclude>
    <ClInclude Include="SpreadShooter.h">
      <Filter>Actor\Weapon\Shooter\Player</Filter>
    </ClInclude>
    <ClInclude Include="BoomerangBullet.h">
      <Filter>Actor\Weapon\Bullet\Player</Filter>
    </ClInclude>
    <ClInclude Include="ChargerBullet.h">
      <Filter>Actor\Weapon\Bullet\Player</Filter>
    </ClInclude>
    <ClInclude Include="ConvergeBullet.h">
      <Filter>Actor\Weapon\Bullet\Player</Filter>
    </ClInclude>
    <ClInclude Include="PeaBullet.h">
      <Filter>Actor\Weapon\Bullet\Player</Filter>
    </ClInclude>
    <ClInclude Include="SpreadBullet.h">
      <Filter>Actor\Weapon\Bullet\Player</Filter>
    </ClInclude>
    <ClInclude Include="YarnballBullet.h">
      <Filter>Actor\Weapon\Bullet\Monster</Filter>
    </ClInclude>
    <ClInclude Include="TattooBullet.h">
      <Filter>Actor\Weapon\Bullet\Monster</Filter>
    </ClInclude>
    <ClInclude Include="ScoreBoard.h">
      <Filter>Actor\Play\InGame\UI</Filter>
    </ClInclude>
    <ClInclude Include="TattooShooter.h">
      <Filter>Actor\Weapon\Shooter\Monster</Filter>
    </ClInclude>
    <ClInclude Include="YarnballShooter.h">
      <Filter>Actor\Weapon\Shooter\Monster</Filter>
    </ClInclude>
    <ClInclude Include="BoomerangBulletBase.h">
      <Filter>Actor\Weapon\Base\Player</Filter>
    </ClInclude>
    <ClInclude Include="BulletBase.h">
      <Filter>Actor\Weapon\Base\Player</Filter>
    </ClInclude>
    <ClInclude Include="WeaponBase.h">
      <Filter>Actor\Weapon\Base\Player</Filter>
    </ClInclude>
    <ClInclude Include="MonsterWeaponBase.h">
      <Filter>Actor\Weapon\Base\Monster</Filter>
    </ClInclude>
    <ClInclude Include="Ph1Dog.h">
      <Filter>Actor\Play\InGame\NPC</Filter>
    </ClInclude>
    <ClInclude Include="TennisballShooter.h">
      <Filter>Actor\Weapon\Shooter\Monster</Filter>
    </ClInclude>
    <ClInclude Include="TennisballBullet.h">
      <Filter>Actor\Weapon\Bullet\Monster</Filter>
    </ClInclude>
    <ClInclude Include="Ph2Dog.h">
      <Filter>Actor\Play\InGame\NPC</Filter>
    </ClInclude>
    <ClInclude Include="BowWowShooter.h">
      <Filter>Actor\Weapon\Shooter\Monster</Filter>
    </ClInclude>
    <ClInclude Include="BowWowBullet.h">
      <Filter>Actor\Weapon\Bullet\Monster</Filter>
    </ClInclude>
    <ClInclude Include="InGameLevelBase.h">
      <Filter>Actor\Base</Filter>
    </ClInclude>
    <ClInclude Include="DogCopter.h">
      <Filter>Actor\Play\InGame\Object\DogFight</Filter>
    </ClInclude>
    <ClInclude Include="CanteenPlane.h">
      <Filter>Actor\Play\InGame\Object\DogFight</Filter>
    </ClInclude>
    <ClInclude Include="Canteen.h">
      <Filter>Actor\Play\InGame\NPC</Filter>
    </ClInclude>
    <ClInclude Include="InGamePh2DogAnimationControllerComponent.h">
      <Filter>Components\Monster</Filter>
    </ClInclude>
    <ClInclude Include="DogCopterBullet.h">
      <Filter>Actor\Weapon\Bullet\Monster</Filter>
    </ClInclude>
    <ClInclude Include="CharacterState.h">
      <Filter>Actor\State</Filter>
    </ClInclude>
    <ClInclude Include="DogCopterShooter.h">
      <Filter>Actor\Weapon\Shooter\Monster</Filter>
    </ClInclude>
    <ClInclude Include="LaserBullet.h" />
    <ClInclude Include="InGameDogCopterAnimationControllerComponent.h">
      <Filter>Components\Monster</Filter>
    </ClInclude>
  </ItemGroup>
  <ItemGroup>
    <ClCompile Include="ContentsCore.cpp">
      <Filter>Contents</Filter>
    </ClCompile>
    <ClCompile Include="PreCompile.cpp">
      <Filter>Actor\PreCompile</Filter>
    </ClCompile>
    <ClCompile Include="Background.cpp">
      <Filter>Actor</Filter>
    </ClCompile>
    <ClCompile Include="BeforeTitleLevel.cpp">
      <Filter>Level\00 Title</Filter>
    </ClCompile>
    <ClCompile Include="TitleLevel.cpp">
      <Filter>Level\00 Title</Filter>
    </ClCompile>
    <ClCompile Include="SelectLevel.cpp">
      <Filter>Level\00 Title</Filter>
    </ClCompile>
    <ClCompile Include="PlayLevel.cpp">
      <Filter>Level\01 Play</Filter>
    </ClCompile>
    <ClCompile Include="WorldMapLevel.cpp">
      <Filter>Level\01 Play</Filter>
    </ClCompile>
    <ClCompile Include="IWalkable.cpp">
      <Filter>Actor\Interface</Filter>
    </ClCompile>
    <ClCompile Include="IDashable.cpp">
      <Filter>Actor\Interface</Filter>
    </ClCompile>
    <ClCompile Include="IJumpable.cpp">
      <Filter>Actor\Interface</Filter>
    </ClCompile>
    <ClCompile Include="IDoubleJumpable.cpp">
      <Filter>Actor\Interface</Filter>
    </ClCompile>
    <ClCompile Include="IShootable.cpp">
      <Filter>Actor\Interface</Filter>
    </ClCompile>
    <ClCompile Include="IRunable.cpp">
      <Filter>Actor\Interface</Filter>
    </ClCompile>
    <ClCompile Include="IParriable.cpp">
      <Filter>Actor\Interface</Filter>
    </ClCompile>
    <ClCompile Include="IPreparable.cpp">
      <Filter>Actor\Interface</Filter>
    </ClCompile>
    <ClCompile Include="IIdleable.cpp">
      <Filter>Actor\Interface</Filter>
    </ClCompile>
    <ClCompile Include="IAimable.cpp">
      <Filter>Actor\Interface</Filter>
    </ClCompile>
    <ClCompile Include="IDuckable.cpp">
      <Filter>Actor\Interface</Filter>
    </ClCompile>
    <ClCompile Include="IDieable.cpp">
      <Filter>Actor\Interface</Filter>
    </ClCompile>
    <ClCompile Include="ISpecialAttackable.cpp">
      <Filter>Actor\Interface</Filter>
    </ClCompile>
    <ClCompile Include="ISuperAttackable.cpp">
      <Filter>Actor\Interface</Filter>
    </ClCompile>
    <ClCompile Include="IDamageable.cpp">
      <Filter>Actor\Interface</Filter>
    </ClCompile>
    <ClCompile Include="IWorldMapCharacterBase.cpp">
      <Filter>Actor\Base</Filter>
    </ClCompile>
    <ClCompile Include="HourglassLevel.cpp">
      <Filter>Level</Filter>
    </ClCompile>
    <ClCompile Include="ITalkable.cpp">
      <Filter>Actor\Interface</Filter>
    </ClCompile>
    <ClCompile Include="INonPlayerCharacterBase.cpp">
      <Filter>Actor\Base</Filter>
    </ClCompile>
    <ClCompile Include="ShopLevel.cpp">
      <Filter>Level\01 Play</Filter>
    </ClCompile>
    <ClCompile Include="Boatman.cpp">
      <Filter>Actor\Play\WorldMap\NPC</Filter>
    </ClCompile>
    <ClCompile Include="Ghost.cpp">
      <Filter>Actor\Play\WorldMap\NPC</Filter>
    </ClCompile>
    <ClCompile Include="Lantern.cpp">
      <Filter>Actor\Play\WorldMap\NPC</Filter>
    </ClCompile>
    <ClCompile Include="NewsCat.cpp">
      <Filter>Actor\Play\WorldMap\NPC</Filter>
    </ClCompile>
    <ClCompile Include="Pickaxe.cpp">
      <Filter>Actor\Play\WorldMap\NPC</Filter>
    </ClCompile>
    <ClCompile Include="Pig.cpp">
      <Filter>Actor\Play\WorldMap\NPC</Filter>
    </ClCompile>
    <ClCompile Include="Shovel.cpp">
      <Filter>Actor\Play\WorldMap\NPC</Filter>
    </ClCompile>
    <ClCompile Include="DogFightLevel.cpp">
      <Filter>Level\01 Play</Filter>
    </ClCompile>
    <ClCompile Include="WorldMapCuphead.cpp">
      <Filter>Actor\Play\WorldMap\PC</Filter>
    </ClCompile>
    <ClCompile Include="WorldMapMugman.cpp">
      <Filter>Actor\Play\WorldMap\PC</Filter>
    </ClCompile>
    <ClCompile Include="Boat.cpp">
      <Filter>Actor\Play\WorldMap\Object</Filter>
    </ClCompile>
    <ClCompile Include="BoatRipples.cpp">
      <Filter>Actor\Play\WorldMap\Object</Filter>
    </ClCompile>
    <ClCompile Include="Catus.cpp">
      <Filter>Actor\Play\WorldMap\Object</Filter>
    </ClCompile>
    <ClCompile Include="WaterLine.cpp">
      <Filter>Actor\Play\WorldMap\Object</Filter>
    </ClCompile>
    <ClCompile Include="Bakery.cpp">
      <Filter>Actor\Play\WorldMap\Object\Portal</Filter>
    </ClCompile>
    <ClCompile Include="Cart.cpp">
      <Filter>Actor\Play\WorldMap\Object\Portal</Filter>
    </ClCompile>
    <ClCompile Include="Dogfight.cpp">
      <Filter>Actor\Play\WorldMap\Object\Portal</Filter>
    </ClCompile>
    <ClCompile Include="Omm.cpp">
      <Filter>Actor\Play\WorldMap\Object\Portal</Filter>
    </ClCompile>
    <ClCompile Include="Ladder.cpp">
      <Filter>Actor\Play\WorldMap\Object\Portal</Filter>
    </ClCompile>
    <ClCompile Include="Shop.cpp">
      <Filter>Actor\Play\WorldMap\Object\Portal</Filter>
    </ClCompile>
    <ClCompile Include="Waterfall.cpp">
      <Filter>Actor\Play\WorldMap\Object</Filter>
    </ClCompile>
    <ClCompile Include="WaterfallBase.cpp">
      <Filter>Actor\Play\WorldMap\Object</Filter>
    </ClCompile>
    <ClCompile Include="Rumrunners.cpp">
      <Filter>Actor\Play\WorldMap\Object\Portal</Filter>
    </ClCompile>
    <ClCompile Include="Cowgirl.cpp">
      <Filter>Actor\Play\WorldMap\Object\Portal</Filter>
    </ClCompile>
    <ClCompile Include="Snow.cpp">
      <Filter>Actor\Play\WorldMap\Object\Portal</Filter>
    </ClCompile>
    <ClCompile Include="IInGameCharacterBase.cpp">
      <Filter>Actor\Base</Filter>
    </ClCompile>
    <ClCompile Include="IEvadable.cpp">
      <Filter>Actor\Interface</Filter>
    </ClCompile>
    <ClCompile Include="TutorialLevel.cpp">
      <Filter>Level\01 Play</Filter>
    </ClCompile>
    <ClCompile Include="InGameChalice.cpp">
      <Filter>Actor\Play\InGame\PC</Filter>
    </ClCompile>
    <ClCompile Include="InGameCuphead.cpp">
      <Filter>Actor\Play\InGame\PC</Filter>
    </ClCompile>
    <ClCompile Include="InGameMugman.cpp">
      <Filter>Actor\Play\InGame\PC</Filter>
    </ClCompile>
    <ClCompile Include="PortalBase.cpp">
      <Filter>Actor\Play\WorldMap\Object\Portal\Base</Filter>
    </ClCompile>
    <ClCompile Include="BulletMovementComponent.cpp">
      <Filter>Components\Character\InGame\Bullet</Filter>
    </ClCompile>
    <ClCompile Include="MovementComponent.cpp">
      <Filter>Components\Character\WorldMap</Filter>
    </ClCompile>
    <ClCompile Include="WorldMapCharacterAnimationControllerComponent.cpp">
      <Filter>Components\Character\WorldMap</Filter>
    </ClCompile>
    <ClCompile Include="BoomerangBulletMovementComponent.cpp">
      <Filter>Components\Character\InGame\Bullet</Filter>
    </ClCompile>
    <ClCompile Include="Bulldog.cpp">
      <Filter>Actor\Play\InGame\NPC</Filter>
    </ClCompile>
    <ClCompile Include="IInGameMonsterBase.cpp">
      <Filter>Actor\Base</Filter>
    </ClCompile>
    <ClCompile Include="InGameMonsterAnimationControllerComponent.cpp">
      <Filter>Components\Monster</Filter>
    </ClCompile>
    <ClCompile Include="TutorialBackground.cpp">
      <Filter>Actor\Play\InGame\Object\Tutorial</Filter>
    </ClCompile>
    <ClCompile Include="BackgroundHills.cpp">
      <Filter>Actor\Play\InGame\Object\DogFight</Filter>
    </ClCompile>
    <ClCompile Include="BackgroundObject.cpp">
      <Filter>Actor\Play\InGame\Object\DogFight</Filter>
    </ClCompile>
    <ClCompile Include="BulldogPlane.cpp">
      <Filter>Actor\Play\InGame\Object\DogFight</Filter>
    </ClCompile>
    <ClCompile Include="InGameMovementComponent.cpp">
      <Filter>Components\Monster</Filter>
    </ClCompile>
    <ClCompile Include="InGameCharacterAnimationControllerComponent.cpp">
      <Filter>Components\Character\InGame\Animation</Filter>
    </ClCompile>
    <ClCompile Include="InGameCharacterMovementCompmonent.cpp">
      <Filter>Components\Character\InGame\Movement</Filter>
    </ClCompile>
    <ClCompile Include="PhysicsComponent.cpp">
      <Filter>Components\Character\InGame\Movement</Filter>
    </ClCompile>
    <ClCompile Include="BoomerangShooter.cpp">
      <Filter>Actor\Weapon\Shooter\Player</Filter>
    </ClCompile>
    <ClCompile Include="ChargerShooter.cpp">
      <Filter>Actor\Weapon\Shooter\Player</Filter>
    </ClCompile>
    <ClCompile Include="ConvergeShooter.cpp">
      <Filter>Actor\Weapon\Shooter\Player</Filter>
    </ClCompile>
    <ClCompile Include="PeaShooter.cpp">
      <Filter>Actor\Weapon\Shooter\Player</Filter>
    </ClCompile>
    <ClCompile Include="SpreadShooter.cpp">
      <Filter>Actor\Weapon\Shooter\Player</Filter>
    </ClCompile>
    <ClCompile Include="BoomerangBullet.cpp">
      <Filter>Actor\Weapon\Bullet\Player</Filter>
    </ClCompile>
    <ClCompile Include="ChargerBullet.cpp">
      <Filter>Actor\Weapon\Bullet\Player</Filter>
    </ClCompile>
    <ClCompile Include="ConvergeBullet.cpp">
      <Filter>Actor\Weapon\Bullet\Player</Filter>
    </ClCompile>
    <ClCompile Include="PeaBullet.cpp">
      <Filter>Actor\Weapon\Bullet\Player</Filter>
    </ClCompile>
    <ClCompile Include="SpreadBullet.cpp">
      <Filter>Actor\Weapon\Bullet\Player</Filter>
    </ClCompile>
    <ClCompile Include="YarnballBullet.cpp">
      <Filter>Actor\Weapon\Bullet\Monster</Filter>
    </ClCompile>
    <ClCompile Include="TattooBullet.cpp">
      <Filter>Actor\Weapon\Bullet\Monster</Filter>
    </ClCompile>
    <ClCompile Include="ScoreBoard.cpp">
      <Filter>Actor\Play\InGame\UI</Filter>
    </ClCompile>
    <ClCompile Include="TattooShooter.cpp">
      <Filter>Actor\Weapon\Shooter\Monster</Filter>
    </ClCompile>
    <ClCompile Include="YarnballShooter.cpp">
      <Filter>Actor\Weapon\Shooter\Monster</Filter>
    </ClCompile>
    <ClCompile Include="BoomerangBulletBase.cpp">
      <Filter>Actor\Weapon\Base\Player</Filter>
    </ClCompile>
    <ClCompile Include="BulletBase.cpp">
      <Filter>Actor\Weapon\Base\Player</Filter>
    </ClCompile>
    <ClCompile Include="WeaponBase.cpp">
      <Filter>Actor\Weapon\Base\Player</Filter>
    </ClCompile>
    <ClCompile Include="MonsterWeaponBase.cpp">
      <Filter>Actor\Weapon\Base\Monster</Filter>
    </ClCompile>
    <ClCompile Include="Ph1Dog.cpp">
      <Filter>Actor\Play\InGame\NPC</Filter>
    </ClCompile>
    <ClCompile Include="TennisballShooter.cpp">
      <Filter>Actor\Weapon\Shooter\Monster</Filter>
    </ClCompile>
    <ClCompile Include="TennisballBullet.cpp">
      <Filter>Actor\Weapon\Bullet\Monster</Filter>
    </ClCompile>
    <ClCompile Include="Ph2Dog.cpp">
      <Filter>Actor\Play\InGame\NPC</Filter>
    </ClCompile>
    <ClCompile Include="BowWowShooter.cpp">
      <Filter>Actor\Weapon\Shooter\Monster</Filter>
    </ClCompile>
    <ClCompile Include="BowWowBullet.cpp">
      <Filter>Actor\Weapon\Bullet\Monster</Filter>
    </ClCompile>
    <ClCompile Include="InGameLevelBase.cpp">
      <Filter>Actor\Base</Filter>
    </ClCompile>
    <ClCompile Include="DogCopter.cpp">
      <Filter>Actor\Play\InGame\Object\DogFight</Filter>
    </ClCompile>
    <ClCompile Include="CanteenPlane.cpp">
      <Filter>Actor\Play\InGame\Object\DogFight</Filter>
    </ClCompile>
    <ClCompile Include="Canteen.cpp">
      <Filter>Actor\Play\InGame\NPC</Filter>
    </ClCompile>
    <ClCompile Include="InGamePh2DogAnimationControllerComponent.cpp">
      <Filter>Components\Monster</Filter>
    </ClCompile>
    <ClCompile Include="DogCopterBullet.cpp">
      <Filter>Actor\Weapon\Bullet\Monster</Filter>
    </ClCompile>
    <ClCompile Include="CharacterState.cpp">
      <Filter>Actor\State</Filter>
    </ClCompile>
    <ClCompile Include="DogCopterShooter.cpp">
      <Filter>Actor\Weapon\Shooter\Monster</Filter>
    </ClCompile>
    <ClCompile Include="LaserBullet.cpp" />
    <ClCompile Include="InGameDogCopterAnimationControllerComponent.cpp">
      <Filter>Components\Monster</Filter>
    </ClCompile>
  </ItemGroup>
</Project>